
Microsoft Visual Studio Solution File, Format Version 11.00
# Visual Studio 2010
Project("{8BC9CEB8-8B4A-11D0-8D11-00A0C91BC942}") = "Platformer", "Platformer\Platformer.vcxproj", "{3A9BAE13-4788-41E7-9DC8-BEFF829F1BBB}"
	ProjectSection(ProjectDependencies) = postProject
		{49E1B397-F49F-4ED2-AB96-F1F2D5554F9F} = {49E1B397-F49F-4ED2-AB96-F1F2D5554F9F}
		{7BD022BB-A440-45BA-B0ED-AEACAB29D802} = {7BD022BB-A440-45BA-B0ED-AEACAB29D802}
		{81E06CC5-AE46-43A1-8620-D917F0676499} = {81E06CC5-AE46-43A1-8620-D917F0676499}
		{082260F9-4FCA-446B-8652-E5B5EEC19FCE} = {082260F9-4FCA-446B-8652-E5B5EEC19FCE}
	EndProjectSection
EndProject
Project("{8BC9CEB8-8B4A-11D0-8D11-00A0C91BC942}") = "GraphicsEngine", "GraphicsEngine\GraphicsEngine.vcxproj", "{49E1B397-F49F-4ED2-AB96-F1F2D5554F9F}"
EndProject
Project("{8BC9CEB8-8B4A-11D0-8D11-00A0C91BC942}") = "PhysicsEngine", "PhysicsEngine\PhysicsEngine.vcxproj", "{7BD022BB-A440-45BA-B0ED-AEACAB29D802}"
	ProjectSection(ProjectDependencies) = postProject
		{49E1B397-F49F-4ED2-AB96-F1F2D5554F9F} = {49E1B397-F49F-4ED2-AB96-F1F2D5554F9F}
	EndProjectSection
EndProject
Project("{8BC9CEB8-8B4A-11D0-8D11-00A0C91BC942}") = "MathLib", "MathLib\MathLib.vcxproj", "{81E06CC5-AE46-43A1-8620-D917F0676499}"
EndProject
Project("{8BC9CEB8-8B4A-11D0-8D11-00A0C91BC942}") = "Experimental", "Experimental\Experimental.vcxproj", "{3B60F3AE-3343-45EB-BD8E-772B7BF06F1D}"
	ProjectSection(ProjectDependencies) = postProject
		{082260F9-4FCA-446B-8652-E5B5EEC19FCE} = {082260F9-4FCA-446B-8652-E5B5EEC19FCE}
	EndProjectSection
EndProject
Project("{8BC9CEB8-8B4A-11D0-8D11-00A0C91BC942}") = "Pugixml", "Pugixml\Pugixml.vcxproj", "{082260F9-4FCA-446B-8652-E5B5EEC19FCE}"
EndProject
Global
	GlobalSection(SolutionConfigurationPlatforms) = preSolution
		Debug|Win32 = Debug|Win32
		Release|Win32 = Release|Win32
	EndGlobalSection
	GlobalSection(ProjectConfigurationPlatforms) = postSolution
		{3A9BAE13-4788-41E7-9DC8-BEFF829F1BBB}.Debug|Win32.ActiveCfg = Debug|Win32
		{3A9BAE13-4788-41E7-9DC8-BEFF829F1BBB}.Debug|Win32.Build.0 = Debug|Win32
		{3A9BAE13-4788-41E7-9DC8-BEFF829F1BBB}.Release|Win32.ActiveCfg = Release|Win32
		{3A9BAE13-4788-41E7-9DC8-BEFF829F1BBB}.Release|Win32.Build.0 = Release|Win32
		{49E1B397-F49F-4ED2-AB96-F1F2D5554F9F}.Debug|Win32.ActiveCfg = Debug|Win32
		{49E1B397-F49F-4ED2-AB96-F1F2D5554F9F}.Debug|Win32.Build.0 = Debug|Win32
		{49E1B397-F49F-4ED2-AB96-F1F2D5554F9F}.Release|Win32.ActiveCfg = Release|Win32
		{49E1B397-F49F-4ED2-AB96-F1F2D5554F9F}.Release|Win32.Build.0 = Release|Win32
		{7BD022BB-A440-45BA-B0ED-AEACAB29D802}.Debug|Win32.ActiveCfg = Debug|Win32
		{7BD022BB-A440-45BA-B0ED-AEACAB29D802}.Debug|Win32.Build.0 = Debug|Win32
		{7BD022BB-A440-45BA-B0ED-AEACAB29D802}.Release|Win32.ActiveCfg = Release|Win32
		{7BD022BB-A440-45BA-B0ED-AEACAB29D802}.Release|Win32.Build.0 = Release|Win32
		{81E06CC5-AE46-43A1-8620-D917F0676499}.Debug|Win32.ActiveCfg = Debug|Win32
		{81E06CC5-AE46-43A1-8620-D917F0676499}.Debug|Win32.Build.0 = Debug|Win32
		{81E06CC5-AE46-43A1-8620-D917F0676499}.Release|Win32.ActiveCfg = Release|Win32
		{81E06CC5-AE46-43A1-8620-D917F0676499}.Release|Win32.Build.0 = Release|Win32
		{3B60F3AE-3343-45EB-BD8E-772B7BF06F1D}.Debug|Win32.ActiveCfg = Debug|Win32
		{3B60F3AE-3343-45EB-BD8E-772B7BF06F1D}.Debug|Win32.Build.0 = Debug|Win32
		{3B60F3AE-3343-45EB-BD8E-772B7BF06F1D}.Release|Win32.ActiveCfg = Release|Win32
		{3B60F3AE-3343-45EB-BD8E-772B7BF06F1D}.Release|Win32.Build.0 = Release|Win32
		{082260F9-4FCA-446B-8652-E5B5EEC19FCE}.Debug|Win32.ActiveCfg = Debug|Win32
		{082260F9-4FCA-446B-8652-E5B5EEC19FCE}.Debug|Win32.Build.0 = Debug|Win32
		{082260F9-4FCA-446B-8652-E5B5EEC19FCE}.Release|Win32.ActiveCfg = Release|Win32
		{082260F9-4FCA-446B-8652-E5B5EEC19FCE}.Release|Win32.Build.0 = Release|Win32
	EndGlobalSection
	GlobalSection(SolutionProperties) = preSolution
		HideSolutionNode = FALSE
	EndGlobalSection
EndGlobal
