<?xml version="1.0" encoding="utf-8"?>
<Project ToolsVersion="4.0" xmlns="http://schemas.microsoft.com/developer/msbuild/2003">
  <ItemGroup>
    <Filter Include="Source Files">
      <UniqueIdentifier>{4FC737F1-C7A5-4376-A066-2A32D752A2FF}</UniqueIdentifier>
      <Extensions>cpp;c;cc;cxx;def;odl;idl;hpj;bat;asm;asmx</Extensions>
    </Filter>
    <Filter Include="Header Files">
      <UniqueIdentifier>{93995380-89BD-4b04-88EB-625FBE52EBFB}</UniqueIdentifier>
      <Extensions>h;hpp;hxx;hm;inl;inc;xsd</Extensions>
    </Filter>
    <Filter Include="Resource Files">
      <UniqueIdentifier>{67DA6AB6-F800-4c08-8B7A-83BB121AAD01}</UniqueIdentifier>
      <Extensions>rc;ico;cur;bmp;dlg;rc2;rct;bin;rgs;gif;jpg;jpeg;jpe;resx;tiff;tif;png;wav;mfcribbon-ms</Extensions>
    </Filter>
    <Filter Include="DLL">
      <UniqueIdentifier>{9339488e-29da-442c-9653-7e40431a8956}</UniqueIdentifier>
    </Filter>
    <Filter Include="Source Files\Shader">
      <UniqueIdentifier>{b003c5f4-2db4-455d-82ec-fe0994eb5751}</UniqueIdentifier>
    </Filter>
    <Filter Include="Header Files\Shader">
      <UniqueIdentifier>{b574ceb6-9e3b-4fc0-aa06-1d2ff82ac211}</UniqueIdentifier>
    </Filter>
    <Filter Include="Shader Files">
      <UniqueIdentifier>{2c6ad9db-67bb-4397-9ce7-8ec5258c6601}</UniqueIdentifier>
    </Filter>
  </ItemGroup>
  <ItemGroup>
    <ClCompile Include="AAnimation.cpp">
      <Filter>Source Files</Filter>
    </ClCompile>
    <ClCompile Include="ATexture.cpp">
      <Filter>Source Files</Filter>
    </ClCompile>
    <ClCompile Include="ASprite.cpp">
      <Filter>Source Files</Filter>
    </ClCompile>
    <ClCompile Include="AShaderManager.cpp">
      <Filter>Source Files\Shader</Filter>
    </ClCompile>
    <ClCompile Include="AShader.cpp">
      <Filter>Source Files\Shader</Filter>
    </ClCompile>
    <ClCompile Include="AShaderProgram.cpp">
      <Filter>Source Files\Shader</Filter>
    </ClCompile>
    <ClCompile Include="TransMatrices.cpp">
      <Filter>Source Files</Filter>
    </ClCompile>
    <ClCompile Include="ATextureCache.cpp">
      <Filter>Source Files</Filter>
    </ClCompile>
    <ClCompile Include="ATextureLoader.cpp">
      <Filter>Source Files</Filter>
    </ClCompile>
    <ClCompile Include="ATextureBinder.cpp">
      <Filter>Source Files</Filter>
    </ClCompile>
  </ItemGroup>
  <ItemGroup>
    <ClInclude Include="AAnimation.h">
      <Filter>Header Files</Filter>
    </ClInclude>
    <ClInclude Include="ATexture.h">
      <Filter>Header Files</Filter>
    </ClInclude>
    <ClInclude Include="ASprite.h">
      <Filter>Header Files</Filter>
    </ClInclude>
    <ClInclude Include="AGeom.h">
      <Filter>Header Files</Filter>
    </ClInclude>
    <ClInclude Include="ATextureNode.h">
      <Filter>Header Files</Filter>
    </ClInclude>
    <ClInclude Include="AShaderManager.h">
      <Filter>Header Files\Shader</Filter>
    </ClInclude>
    <ClInclude Include="AShader.h">
      <Filter>Header Files\Shader</Filter>
    </ClInclude>
    <ClInclude Include="AShaderProgram.h">
      <Filter>Header Files\Shader</Filter>
    </ClInclude>
    <ClInclude Include="TransMatrices.h">
      <Filter>Header Files</Filter>
    </ClInclude>
    <ClInclude Include="ATextureCache.h">
      <Filter>Header Files</Filter>
    </ClInclude>
    <ClInclude Include="ATextureLoader.h">
      <Filter>Header Files</Filter>
    </ClInclude>
    <ClInclude Include="ATextureBinder.h">
      <Filter>Header Files</Filter>
    </ClInclude>
    <ClInclude Include="graphics_engine.h">
      <Filter>Header Files</Filter>
    </ClInclude>
  </ItemGroup>
  <ItemGroup>
    <None Include="..\..\lib\glut-3.7.6-bin\glut32.dll">
      <Filter>DLL</Filter>
    </None>
    <None Include="..\Shaders\default.frag">
      <Filter>Shader Files</Filter>
    </None>
    <None Include="..\Shaders\default.vert">
      <Filter>Shader Files</Filter>
    </None>
  </ItemGroup>
</Project>